
Microsoft Visual Studio Solution File, Format Version 12.00
# Visual Studio 15
VisualStudioVersion = 15.0.28010.2016
MinimumVisualStudioVersion = 10.0.40219.1
Project("{00D1A9C2-B5F0-4AF3-8072-F6C62B433612}") = "Chinook", "Chinook\Chinook.sqlproj", "{03082232-36B9-4BC0-8C17-3FE9F93A994A}"
EndProject
Global
	GlobalSection(SolutionConfigurationPlatforms) = preSolution
		Debug|Any CPU = Debug|Any CPU
		Release|Any CPU = Release|Any CPU
	EndGlobalSection
	GlobalSection(ProjectConfigurationPlatforms) = postSolution
		{03082232-36B9-4BC0-8C17-3FE9F93A994A}.Debug|Any CPU.ActiveCfg = Debug|Any CPU
		{03082232-36B9-4BC0-8C17-3FE9F93A994A}.Debug|Any CPU.Build.0 = Debug|Any CPU
		{03082232-36B9-4BC0-8C17-3FE9F93A994A}.Debug|Any CPU.Deploy.0 = Debug|Any CPU
		{03082232-36B9-4BC0-8C17-3FE9F93A994A}.Release|Any CPU.ActiveCfg = Release|Any CPU
		{03082232-36B9-4BC0-8C17-3FE9F93A994A}.Release|Any CPU.Build.0 = Release|Any CPU
		{03082232-36B9-4BC0-8C17-3FE9F93A994A}.Release|Any CPU.Deploy.0 = Release|Any CPU
	EndGlobalSection
	GlobalSection(SolutionProperties) = preSolution
		HideSolutionNode = FALSE
	EndGlobalSection
	GlobalSection(ExtensibilityGlobals) = postSolution
		SolutionGuid = {EA23F64D-A35A-4241-AADF-3691930DDBBA}
	EndGlobalSection
EndGlobal
